// !$*UTF8*$!
{
	archiveVersion = 1;
	classes = {
	};
	objectVersion = 55;
	objects = {

/* Begin PBXBuildFile section */
		00497752298C1EDD00045FAE /* CameraPicker.swift in Sources */ = {isa = PBXBuildFile; fileRef = 00497751298C1EDD00045FAE /* CameraPicker.swift */; };
		00497754298C1FE700045FAE /* PrivacyPermission.swift in Sources */ = {isa = PBXBuildFile; fileRef = 00497753298C1FE700045FAE /* PrivacyPermission.swift */; };
		00497758298C240400045FAE /* Extentions.swift in Sources */ = {isa = PBXBuildFile; fileRef = 00497757298C240400045FAE /* Extentions.swift */; };
		0049775C298C26D400045FAE /* Constants.swift in Sources */ = {isa = PBXBuildFile; fileRef = 0049775B298C26D400045FAE /* Constants.swift */; };
		007569E32989881600793EF3 /* AppDelegate.swift in Sources */ = {isa = PBXBuildFile; fileRef = 007569E22989881600793EF3 /* AppDelegate.swift */; };
		007569E52989881600793EF3 /* SceneDelegate.swift in Sources */ = {isa = PBXBuildFile; fileRef = 007569E42989881600793EF3 /* SceneDelegate.swift */; };
		007569E72989881600793EF3 /* ViewController.swift in Sources */ = {isa = PBXBuildFile; fileRef = 007569E62989881600793EF3 /* ViewController.swift */; };
		007569EA2989881600793EF3 /* Main.storyboard in Resources */ = {isa = PBXBuildFile; fileRef = 007569E82989881600793EF3 /* Main.storyboard */; };
		007569EC2989881A00793EF3 /* Assets.xcassets in Resources */ = {isa = PBXBuildFile; fileRef = 007569EB2989881A00793EF3 /* Assets.xcassets */; };
		007569EF2989881A00793EF3 /* LaunchScreen.storyboard in Resources */ = {isa = PBXBuildFile; fileRef = 007569ED2989881A00793EF3 /* LaunchScreen.storyboard */; };
		007569FA2989881A00793EF3 /* DefaultCameraAppTests.swift in Sources */ = {isa = PBXBuildFile; fileRef = 007569F92989881A00793EF3 /* DefaultCameraAppTests.swift */; };
		00756A042989881A00793EF3 /* DefaultCameraAppUITests.swift in Sources */ = {isa = PBXBuildFile; fileRef = 00756A032989881A00793EF3 /* DefaultCameraAppUITests.swift */; };
		00756A062989881A00793EF3 /* DefaultCameraAppUITestsLaunchTests.swift in Sources */ = {isa = PBXBuildFile; fileRef = 00756A052989881A00793EF3 /* DefaultCameraAppUITestsLaunchTests.swift */; };
/* End PBXBuildFile section */

/* Begin PBXContainerItemProxy section */
		007569F62989881A00793EF3 /* PBXContainerItemProxy */ = {
			isa = PBXContainerItemProxy;
			containerPortal = 007569D72989881600793EF3 /* Project object */;
			proxyType = 1;
			remoteGlobalIDString = 007569DE2989881600793EF3;
			remoteInfo = DefaultCameraApp;
		};
		00756A002989881A00793EF3 /* PBXContainerItemProxy */ = {
			isa = PBXContainerItemProxy;
			containerPortal = 007569D72989881600793EF3 /* Project object */;
			proxyType = 1;
			remoteGlobalIDString = 007569DE2989881600793EF3;
			remoteInfo = DefaultCameraApp;
		};
/* End PBXContainerItemProxy section */

/* Begin PBXFileReference section */
		00497751298C1EDD00045FAE /* CameraPicker.swift */ = {isa = PBXFileReference; lastKnownFileType = sourcecode.swift; path = CameraPicker.swift; sourceTree = "<group>"; };
		00497753298C1FE700045FAE /* PrivacyPermission.swift */ = {isa = PBXFileReference; lastKnownFileType = sourcecode.swift; path = PrivacyPermission.swift; sourceTree = "<group>"; };
		00497757298C240400045FAE /* Extentions.swift */ = {isa = PBXFileReference; lastKnownFileType = sourcecode.swift; path = Extentions.swift; sourceTree = "<group>"; };
		0049775B298C26D400045FAE /* Constants.swift */ = {isa = PBXFileReference; lastKnownFileType = sourcecode.swift; path = Constants.swift; sourceTree = "<group>"; };
		007569DF2989881600793EF3 /* DefaultCameraApp.app */ = {isa = PBXFileReference; explicitFileType = wrapper.application; includeInIndex = 0; path = DefaultCameraApp.app; sourceTree = BUILT_PRODUCTS_DIR; };
		007569E22989881600793EF3 /* AppDelegate.swift */ = {isa = PBXFileReference; lastKnownFileType = sourcecode.swift; path = AppDelegate.swift; sourceTree = "<group>"; };
		007569E42989881600793EF3 /* SceneDelegate.swift */ = {isa = PBXFileReference; lastKnownFileType = sourcecode.swift; path = SceneDelegate.swift; sourceTree = "<group>"; };
		007569E62989881600793EF3 /* ViewController.swift */ = {isa = PBXFileReference; lastKnownFileType = sourcecode.swift; path = ViewController.swift; sourceTree = "<group>"; };
		007569E92989881600793EF3 /* Base */ = {isa = PBXFileReference; lastKnownFileType = file.storyboard; name = Base; path = Base.lproj/Main.storyboard; sourceTree = "<group>"; };
		007569EB2989881A00793EF3 /* Assets.xcassets */ = {isa = PBXFileReference; lastKnownFileType = folder.assetcatalog; path = Assets.xcassets; sourceTree = "<group>"; };
		007569EE2989881A00793EF3 /* Base */ = {isa = PBXFileReference; lastKnownFileType = file.storyboard; name = Base; path = Base.lproj/LaunchScreen.storyboard; sourceTree = "<group>"; };
		007569F02989881A00793EF3 /* Info.plist */ = {isa = PBXFileReference; lastKnownFileType = text.plist.xml; path = Info.plist; sourceTree = "<group>"; };
		007569F52989881A00793EF3 /* DefaultCameraAppTests.xctest */ = {isa = PBXFileReference; explicitFileType = wrapper.cfbundle; includeInIndex = 0; path = DefaultCameraAppTests.xctest; sourceTree = BUILT_PRODUCTS_DIR; };
		007569F92989881A00793EF3 /* DefaultCameraAppTests.swift */ = {isa = PBXFileReference; lastKnownFileType = sourcecode.swift; path = DefaultCameraAppTests.swift; sourceTree = "<group>"; };
		007569FF2989881A00793EF3 /* DefaultCameraAppUITests.xctest */ = {isa = PBXFileReference; explicitFileType = wrapper.cfbundle; includeInIndex = 0; path = DefaultCameraAppUITests.xctest; sourceTree = BUILT_PRODUCTS_DIR; };
		00756A032989881A00793EF3 /* DefaultCameraAppUITests.swift */ = {isa = PBXFileReference; lastKnownFileType = sourcecode.swift; path = DefaultCameraAppUITests.swift; sourceTree = "<group>"; };
		00756A052989881A00793EF3 /* DefaultCameraAppUITestsLaunchTests.swift */ = {isa = PBXFileReference; lastKnownFileType = sourcecode.swift; path = DefaultCameraAppUITestsLaunchTests.swift; sourceTree = "<group>"; };
/* End PBXFileReference section */

/* Begin PBXFrameworksBuildPhase section */
		007569DC2989881600793EF3 /* Frameworks */ = {
			isa = PBXFrameworksBuildPhase;
			buildActionMask = 2147483647;
			files = (
			);
			runOnlyForDeploymentPostprocessing = 0;
		};
		007569F22989881A00793EF3 /* Frameworks */ = {
			isa = PBXFrameworksBuildPhase;
			buildActionMask = 2147483647;
			files = (
			);
			runOnlyForDeploymentPostprocessing = 0;
		};
		007569FC2989881A00793EF3 /* Frameworks */ = {
			isa = PBXFrameworksBuildPhase;
			buildActionMask = 2147483647;
			files = (
			);
			runOnlyForDeploymentPostprocessing = 0;
		};
/* End PBXFrameworksBuildPhase section */

/* Begin PBXGroup section */
		0049774A298C1DDF00045FAE /* Controller */ = {
			isa = PBXGroup;
			children = (
				007569E62989881600793EF3 /* ViewController.swift */,
			);
			path = Controller;
			sourceTree = "<group>";
		};
		0049774B298C1DF500045FAE /* Application */ = {
			isa = PBXGroup;
			children = (
				007569E42989881600793EF3 /* SceneDelegate.swift */,
				007569E22989881600793EF3 /* AppDelegate.swift */,
			);
			path = Application;
			sourceTree = "<group>";
		};
		0049774C298C1E0800045FAE /* Helper */ = {
			isa = PBXGroup;
			children = (
				0049775A298C26BF00045FAE /* Constants */,
				00497759298C241D00045FAE /* Extentions */,
				00497755298C201300045FAE /* CameraPicker */,
				00497750298C1E8E00045FAE /* PrivacyPermission */,
				0049774F298C1E6A00045FAE /* Bindings */,
			);
			path = Helper;
			sourceTree = "<group>";
		};
		0049774D298C1E1B00045FAE /* Model */ = {
			isa = PBXGroup;
			children = (
			);
			path = Model;
			sourceTree = "<group>";
		};
		0049774E298C1E2C00045FAE /* ViewModel */ = {
			isa = PBXGroup;
			children = (
			);
			path = ViewModel;
			sourceTree = "<group>";
		};
		0049774F298C1E6A00045FAE /* Bindings */ = {
			isa = PBXGroup;
			children = (
			);
			path = Bindings;
			sourceTree = "<group>";
		};
		00497750298C1E8E00045FAE /* PrivacyPermission */ = {
			isa = PBXGroup;
			children = (
				00497753298C1FE700045FAE /* PrivacyPermission.swift */,
			);
			path = PrivacyPermission;
			sourceTree = "<group>";
		};
		00497755298C201300045FAE /* CameraPicker */ = {
			isa = PBXGroup;
			children = (
				00497751298C1EDD00045FAE /* CameraPicker.swift */,
			);
			path = CameraPicker;
			sourceTree = "<group>";
		};
		00497759298C241D00045FAE /* Extentions */ = {
			isa = PBXGroup;
			children = (
				00497757298C240400045FAE /* Extentions.swift */,
			);
			path = Extentions;
			sourceTree = "<group>";
		};
		0049775A298C26BF00045FAE /* Constants */ = {
			isa = PBXGroup;
			children = (
				0049775B298C26D400045FAE /* Constants.swift */,
			);
			path = Constants;
			sourceTree = "<group>";
		};
		007569D62989881600793EF3 = {
			isa = PBXGroup;
			children = (
				007569E12989881600793EF3 /* DefaultCameraApp */,
				007569F82989881A00793EF3 /* DefaultCameraAppTests */,
				00756A022989881A00793EF3 /* DefaultCameraAppUITests */,
				007569E02989881600793EF3 /* Products */,
			);
			sourceTree = "<group>";
		};
		007569E02989881600793EF3 /* Products */ = {
			isa = PBXGroup;
			children = (
				007569DF2989881600793EF3 /* DefaultCameraApp.app */,
				007569F52989881A00793EF3 /* DefaultCameraAppTests.xctest */,
				007569FF2989881A00793EF3 /* DefaultCameraAppUITests.xctest */,
			);
			name = Products;
			sourceTree = "<group>";
		};
		007569E12989881600793EF3 /* DefaultCameraApp */ = {
			isa = PBXGroup;
			children = (
				0049774E298C1E2C00045FAE /* ViewModel */,
				0049774D298C1E1B00045FAE /* Model */,
				0049774C298C1E0800045FAE /* Helper */,
				0049774B298C1DF500045FAE /* Application */,
				0049774A298C1DDF00045FAE /* Controller */,
				007569E82989881600793EF3 /* Main.storyboard */,
				007569EB2989881A00793EF3 /* Assets.xcassets */,
				007569ED2989881A00793EF3 /* LaunchScreen.storyboard */,
				007569F02989881A00793EF3 /* Info.plist */,
			);
			path = DefaultCameraApp;
			sourceTree = "<group>";
		};
		007569F82989881A00793EF3 /* DefaultCameraAppTests */ = {
			isa = PBXGroup;
			children = (
				007569F92989881A00793EF3 /* DefaultCameraAppTests.swift */,
			);
			path = DefaultCameraAppTests;
			sourceTree = "<group>";
		};
		00756A022989881A00793EF3 /* DefaultCameraAppUITests */ = {
			isa = PBXGroup;
			children = (
				00756A032989881A00793EF3 /* DefaultCameraAppUITests.swift */,
				00756A052989881A00793EF3 /* DefaultCameraAppUITestsLaunchTests.swift */,
			);
			path = DefaultCameraAppUITests;
			sourceTree = "<group>";
		};
/* End PBXGroup section */

/* Begin PBXNativeTarget section */
		007569DE2989881600793EF3 /* DefaultCameraApp */ = {
			isa = PBXNativeTarget;
			buildConfigurationList = 00756A092989881A00793EF3 /* Build configuration list for PBXNativeTarget "DefaultCameraApp" */;
			buildPhases = (
				007569DB2989881600793EF3 /* Sources */,
				007569DC2989881600793EF3 /* Frameworks */,
				007569DD2989881600793EF3 /* Resources */,
			);
			buildRules = (
			);
			dependencies = (
			);
			name = DefaultCameraApp;
			productName = DefaultCameraApp;
			productReference = 007569DF2989881600793EF3 /* DefaultCameraApp.app */;
			productType = "com.apple.product-type.application";
		};
		007569F42989881A00793EF3 /* DefaultCameraAppTests */ = {
			isa = PBXNativeTarget;
			buildConfigurationList = 00756A0C2989881A00793EF3 /* Build configuration list for PBXNativeTarget "DefaultCameraAppTests" */;
			buildPhases = (
				007569F12989881A00793EF3 /* Sources */,
				007569F22989881A00793EF3 /* Frameworks */,
				007569F32989881A00793EF3 /* Resources */,
			);
			buildRules = (
			);
			dependencies = (
				007569F72989881A00793EF3 /* PBXTargetDependency */,
			);
			name = DefaultCameraAppTests;
			productName = DefaultCameraAppTests;
			productReference = 007569F52989881A00793EF3 /* DefaultCameraAppTests.xctest */;
			productType = "com.apple.product-type.bundle.unit-test";
		};
		007569FE2989881A00793EF3 /* DefaultCameraAppUITests */ = {
			isa = PBXNativeTarget;
			buildConfigurationList = 00756A0F2989881A00793EF3 /* Build configuration list for PBXNativeTarget "DefaultCameraAppUITests" */;
			buildPhases = (
				007569FB2989881A00793EF3 /* Sources */,
				007569FC2989881A00793EF3 /* Frameworks */,
				007569FD2989881A00793EF3 /* Resources */,
			);
			buildRules = (
			);
			dependencies = (
				00756A012989881A00793EF3 /* PBXTargetDependency */,
			);
			name = DefaultCameraAppUITests;
			productName = DefaultCameraAppUITests;
			productReference = 007569FF2989881A00793EF3 /* DefaultCameraAppUITests.xctest */;
			productType = "com.apple.product-type.bundle.ui-testing";
		};
/* End PBXNativeTarget section */

/* Begin PBXProject section */
		007569D72989881600793EF3 /* Project object */ = {
			isa = PBXProject;
			attributes = {
				BuildIndependentTargetsInParallel = 1;
				LastSwiftUpdateCheck = 1320;
				LastUpgradeCheck = 1320;
				TargetAttributes = {
					007569DE2989881600793EF3 = {
						CreatedOnToolsVersion = 13.2.1;
					};
					007569F42989881A00793EF3 = {
						CreatedOnToolsVersion = 13.2.1;
						TestTargetID = 007569DE2989881600793EF3;
					};
					007569FE2989881A00793EF3 = {
						CreatedOnToolsVersion = 13.2.1;
						TestTargetID = 007569DE2989881600793EF3;
					};
				};
			};
			buildConfigurationList = 007569DA2989881600793EF3 /* Build configuration list for PBXProject "DefaultCameraApp" */;
			compatibilityVersion = "Xcode 13.0";
			developmentRegion = en;
			hasScannedForEncodings = 0;
			knownRegions = (
				en,
				Base,
			);
			mainGroup = 007569D62989881600793EF3;
			productRefGroup = 007569E02989881600793EF3 /* Products */;
			projectDirPath = "";
			projectRoot = "";
			targets = (
				007569DE2989881600793EF3 /* DefaultCameraApp */,
				007569F42989881A00793EF3 /* DefaultCameraAppTests */,
				007569FE2989881A00793EF3 /* DefaultCameraAppUITests */,
			);
		};
/* End PBXProject section */

/* Begin PBXResourcesBuildPhase section */
		007569DD2989881600793EF3 /* Resources */ = {
			isa = PBXResourcesBuildPhase;
			buildActionMask = 2147483647;
			files = (
				007569EF2989881A00793EF3 /* LaunchScreen.storyboard in Resources */,
				007569EC2989881A00793EF3 /* Assets.xcassets in Resources */,
				007569EA2989881600793EF3 /* Main.storyboard in Resources */,
			);
			runOnlyForDeploymentPostprocessing = 0;
		};
		007569F32989881A00793EF3 /* Resources */ = {
			isa = PBXResourcesBuildPhase;
			buildActionMask = 2147483647;
			files = (
			);
			runOnlyForDeploymentPostprocessing = 0;
		};
		007569FD2989881A00793EF3 /* Resources */ = {
			isa = PBXResourcesBuildPhase;
			buildActionMask = 2147483647;
			files = (
			);
			runOnlyForDeploymentPostprocessing = 0;
		};
/* End PBXResourcesBuildPhase section */

/* Begin PBXSourcesBuildPhase section */
		007569DB2989881600793EF3 /* Sources */ = {
			isa = PBXSourcesBuildPhase;
			buildActionMask = 2147483647;
			files = (
				007569E72989881600793EF3 /* ViewController.swift in Sources */,
				007569E32989881600793EF3 /* AppDelegate.swift in Sources */,
				00497758298C240400045FAE /* Extentions.swift in Sources */,
				00497752298C1EDD00045FAE /* CameraPicker.swift in Sources */,
				0049775C298C26D400045FAE /* Constants.swift in Sources */,
				007569E52989881600793EF3 /* SceneDelegate.swift in Sources */,
				00497754298C1FE700045FAE /* PrivacyPermission.swift in Sources */,
			);
			runOnlyForDeploymentPostprocessing = 0;
		};
		007569F12989881A00793EF3 /* Sources */ = {
			isa = PBXSourcesBuildPhase;
			buildActionMask = 2147483647;
			files = (
				007569FA2989881A00793EF3 /* DefaultCameraAppTests.swift in Sources */,
			);
			runOnlyForDeploymentPostprocessing = 0;
		};
		007569FB2989881A00793EF3 /* Sources */ = {
			isa = PBXSourcesBuildPhase;
			buildActionMask = 2147483647;
			files = (
				00756A042989881A00793EF3 /* DefaultCameraAppUITests.swift in Sources */,
				00756A062989881A00793EF3 /* DefaultCameraAppUITestsLaunchTests.swift in Sources */,
			);
			runOnlyForDeploymentPostprocessing = 0;
		};
/* End PBXSourcesBuildPhase section */

/* Begin PBXTargetDependency section */
		007569F72989881A00793EF3 /* PBXTargetDependency */ = {
			isa = PBXTargetDependency;
			target = 007569DE2989881600793EF3 /* DefaultCameraApp */;
			targetProxy = 007569F62989881A00793EF3 /* PBXContainerItemProxy */;
		};
		00756A012989881A00793EF3 /* PBXTargetDependency */ = {
			isa = PBXTargetDependency;
			target = 007569DE2989881600793EF3 /* DefaultCameraApp */;
			targetProxy = 00756A002989881A00793EF3 /* PBXContainerItemProxy */;
		};
/* End PBXTargetDependency section */

/* Begin PBXVariantGroup section */
		007569E82989881600793EF3 /* Main.storyboard */ = {
			isa = PBXVariantGroup;
			children = (
				007569E92989881600793EF3 /* Base */,
			);
			name = Main.storyboard;
			sourceTree = "<group>";
		};
		007569ED2989881A00793EF3 /* LaunchScreen.storyboard */ = {
			isa = PBXVariantGroup;
			children = (
				007569EE2989881A00793EF3 /* Base */,
			);
			name = LaunchScreen.storyboard;
			sourceTree = "<group>";
		};
/* End PBXVariantGroup section */

/* Begin XCBuildConfiguration section */
		00756A072989881A00793EF3 /* Debug */ = {
			isa = XCBuildConfiguration;
			buildSettings = {
				ALWAYS_SEARCH_USER_PATHS = NO;
				CLANG_ANALYZER_NONNULL = YES;
				CLANG_ANALYZER_NUMBER_OBJECT_CONVERSION = YES_AGGRESSIVE;
				CLANG_CXX_LANGUAGE_STANDARD = "gnu++17";
				CLANG_CXX_LIBRARY = "libc++";
				CLANG_ENABLE_MODULES = YES;
				CLANG_ENABLE_OBJC_ARC = YES;
				CLANG_ENABLE_OBJC_WEAK = YES;
				CLANG_WARN_BLOCK_CAPTURE_AUTORELEASING = YES;
				CLANG_WARN_BOOL_CONVERSION = YES;
				CLANG_WARN_COMMA = YES;
				CLANG_WARN_CONSTANT_CONVERSION = YES;
				CLANG_WARN_DEPRECATED_OBJC_IMPLEMENTATIONS = YES;
				CLANG_WARN_DIRECT_OBJC_ISA_USAGE = YES_ERROR;
				CLANG_WARN_DOCUMENTATION_COMMENTS = YES;
				CLANG_WARN_EMPTY_BODY = YES;
				CLANG_WARN_ENUM_CONVERSION = YES;
				CLANG_WARN_INFINITE_RECURSION = YES;
				CLANG_WARN_INT_CONVERSION = YES;
				CLANG_WARN_NON_LITERAL_NULL_CONVERSION = YES;
				CLANG_WARN_OBJC_IMPLICIT_RETAIN_SELF = YES;
				CLANG_WARN_OBJC_LITERAL_CONVERSION = YES;
				CLANG_WARN_OBJC_ROOT_CLASS = YES_ERROR;
				CLANG_WARN_QUOTED_INCLUDE_IN_FRAMEWORK_HEADER = YES;
				CLANG_WARN_RANGE_LOOP_ANALYSIS = YES;
				CLANG_WARN_STRICT_PROTOTYPES = YES;
				CLANG_WARN_SUSPICIOUS_MOVE = YES;
				CLANG_WARN_UNGUARDED_AVAILABILITY = YES_AGGRESSIVE;
				CLANG_WARN_UNREACHABLE_CODE = YES;
				CLANG_WARN__DUPLICATE_METHOD_MATCH = YES;
				COPY_PHASE_STRIP = NO;
				DEBUG_INFORMATION_FORMAT = dwarf;
				ENABLE_STRICT_OBJC_MSGSEND = YES;
				ENABLE_TESTABILITY = YES;
				GCC_C_LANGUAGE_STANDARD = gnu11;
				GCC_DYNAMIC_NO_PIC = NO;
				GCC_NO_COMMON_BLOCKS = YES;
				GCC_OPTIMIZATION_LEVEL = 0;
				GCC_PREPROCESSOR_DEFINITIONS = (
					"DEBUG=1",
					"$(inherited)",
				);
				GCC_WARN_64_TO_32_BIT_CONVERSION = YES;
				GCC_WARN_ABOUT_RETURN_TYPE = YES_ERROR;
				GCC_WARN_UNDECLARED_SELECTOR = YES;
				GCC_WARN_UNINITIALIZED_AUTOS = YES_AGGRESSIVE;
				GCC_WARN_UNUSED_FUNCTION = YES;
				GCC_WARN_UNUSED_VARIABLE = YES;
				IPHONEOS_DEPLOYMENT_TARGET = 15.2;
				MTL_ENABLE_DEBUG_INFO = INCLUDE_SOURCE;
				MTL_FAST_MATH = YES;
				ONLY_ACTIVE_ARCH = YES;
				SDKROOT = iphoneos;
				SWIFT_ACTIVE_COMPILATION_CONDITIONS = DEBUG;
				SWIFT_OPTIMIZATION_LEVEL = "-Onone";
			};
			name = Debug;
		};
		00756A082989881A00793EF3 /* Release */ = {
			isa = XCBuildConfiguration;
			buildSettings = {
				ALWAYS_SEARCH_USER_PATHS = NO;
				CLANG_ANALYZER_NONNULL = YES;
				CLANG_ANALYZER_NUMBER_OBJECT_CONVERSION = YES_AGGRESSIVE;
				CLANG_CXX_LANGUAGE_STANDARD = "gnu++17";
				CLANG_CXX_LIBRARY = "libc++";
				CLANG_ENABLE_MODULES = YES;
				CLANG_ENABLE_OBJC_ARC = YES;
				CLANG_ENABLE_OBJC_WEAK = YES;
				CLANG_WARN_BLOCK_CAPTURE_AUTORELEASING = YES;
				CLANG_WARN_BOOL_CONVERSION = YES;
				CLANG_WARN_COMMA = YES;
				CLANG_WARN_CONSTANT_CONVERSION = YES;
				CLANG_WARN_DEPRECATED_OBJC_IMPLEMENTATIONS = YES;
				CLANG_WARN_DIRECT_OBJC_ISA_USAGE = YES_ERROR;
				CLANG_WARN_DOCUMENTATION_COMMENTS = YES;
				CLANG_WARN_EMPTY_BODY = YES;
				CLANG_WARN_ENUM_CONVERSION = YES;
				CLANG_WARN_INFINITE_RECURSION = YES;
				CLANG_WARN_INT_CONVERSION = YES;
				CLANG_WARN_NON_LITERAL_NULL_CONVERSION = YES;
				CLANG_WARN_OBJC_IMPLICIT_RETAIN_SELF = YES;
				CLANG_WARN_OBJC_LITERAL_CONVERSION = YES;
				CLANG_WARN_OBJC_ROOT_CLASS = YES_ERROR;
				CLANG_WARN_QUOTED_INCLUDE_IN_FRAMEWORK_HEADER = YES;
				CLANG_WARN_RANGE_LOOP_ANALYSIS = YES;
				CLANG_WARN_STRICT_PROTOTYPES = YES;
				CLANG_WARN_SUSPICIOUS_MOVE = YES;
				CLANG_WARN_UNGUARDED_AVAILABILITY = YES_AGGRESSIVE;
				CLANG_WARN_UNREACHABLE_CODE = YES;
				CLANG_WARN__DUPLICATE_METHOD_MATCH = YES;
				COPY_PHASE_STRIP = NO;
				DEBUG_INFORMATION_FORMAT = "dwarf-with-dsym";
				ENABLE_NS_ASSERTIONS = NO;
				ENABLE_STRICT_OBJC_MSGSEND = YES;
				GCC_C_LANGUAGE_STANDARD = gnu11;
				GCC_NO_COMMON_BLOCKS = YES;
				GCC_WARN_64_TO_32_BIT_CONVERSION = YES;
				GCC_WARN_ABOUT_RETURN_TYPE = YES_ERROR;
				GCC_WARN_UNDECLARED_SELECTOR = YES;
				GCC_WARN_UNINITIALIZED_AUTOS = YES_AGGRESSIVE;
				GCC_WARN_UNUSED_FUNCTION = YES;
				GCC_WARN_UNUSED_VARIABLE = YES;
				IPHONEOS_DEPLOYMENT_TARGET = 15.2;
				MTL_ENABLE_DEBUG_INFO = NO;
				MTL_FAST_MATH = YES;
				SDKROOT = iphoneos;
				SWIFT_COMPILATION_MODE = wholemodule;
				SWIFT_OPTIMIZATION_LEVEL = "-O";
				VALIDATE_PRODUCT = YES;
			};
			name = Release;
		};
		00756A0A2989881A00793EF3 /* Debug */ = {
			isa = XCBuildConfiguration;
			buildSettings = {
				ASSETCATALOG_COMPILER_APPICON_NAME = AppIcon;
				ASSETCATALOG_COMPILER_GLOBAL_ACCENT_COLOR_NAME = AccentColor;
				CODE_SIGN_STYLE = Automatic;
				CURRENT_PROJECT_VERSION = 1;
				DEVELOPMENT_TEAM = GDHMVG3F84;
				GENERATE_INFOPLIST_FILE = YES;
				INFOPLIST_FILE = DefaultCameraApp/Info.plist;
				INFOPLIST_KEY_UIApplicationSupportsIndirectInputEvents = YES;
				INFOPLIST_KEY_UILaunchStoryboardName = LaunchScreen;
				INFOPLIST_KEY_UIMainStoryboardFile = Main;
				INFOPLIST_KEY_UISupportedInterfaceOrientations_iPad = "UIInterfaceOrientationPortrait UIInterfaceOrientationPortraitUpsideDown UIInterfaceOrientationLandscapeLeft UIInterfaceOrientationLandscapeRight";
				INFOPLIST_KEY_UISupportedInterfaceOrientations_iPhone = "UIInterfaceOrientationPortrait UIInterfaceOrientationLandscapeLeft UIInterfaceOrientationLandscapeRight";
				LD_RUNPATH_SEARCH_PATHS = (
					"$(inherited)",
					"@executable_path/Frameworks",
				);
				MARKETING_VERSION = 1.0;
				PRODUCT_BUNDLE_IDENTIFIER = com.nazmulhoda.DefaultCameraApp;
				PRODUCT_NAME = "$(TARGET_NAME)";
				SWIFT_EMIT_LOC_STRINGS = YES;
				SWIFT_VERSION = 5.0;
				TARGETED_DEVICE_FAMILY = "1,2";
			};
			name = Debug;
		};
		00756A0B2989881A00793EF3 /* Release */ = {
			isa = XCBuildConfiguration;
			buildSettings = {
				ASSETCATALOG_COMPILER_APPICON_NAME = AppIcon;
				ASSETCATALOG_COMPILER_GLOBAL_ACCENT_COLOR_NAME = AccentColor;
				CODE_SIGN_STYLE = Automatic;
				CURRENT_PROJECT_VERSION = 1;
				DEVELOPMENT_TEAM = GDHMVG3F84;
				GENERATE_INFOPLIST_FILE = YES;
				INFOPLIST_FILE = DefaultCameraApp/Info.plist;
				INFOPLIST_KEY_UIApplicationSupportsIndirectInputEvents = YES;
				INFOPLIST_KEY_UILaunchStoryboardName = LaunchScreen;
				INFOPLIST_KEY_UIMainStoryboardFile = Main;
				INFOPLIST_KEY_UISupportedInterfaceOrientations_iPad = "UIInterfaceOrientationPortrait UIInterfaceOrientationPortraitUpsideDown UIInterfaceOrientationLandscapeLeft UIInterfaceOrientationLandscapeRight";
				INFOPLIST_KEY_UISupportedInterfaceOrientations_iPhone = "UIInterfaceOrientationPortrait UIInterfaceOrientationLandscapeLeft UIInterfaceOrientationLandscapeRight";
				LD_RUNPATH_SEARCH_PATHS = (
					"$(inherited)",
					"@executable_path/Frameworks",
				);
				MARKETING_VERSION = 1.0;
				PRODUCT_BUNDLE_IDENTIFIER = com.nazmulhoda.DefaultCameraApp;
				PRODUCT_NAME = "$(TARGET_NAME)";
				SWIFT_EMIT_LOC_STRINGS = YES;
				SWIFT_VERSION = 5.0;
				TARGETED_DEVICE_FAMILY = "1,2";
			};
			name = Release;
		};
		00756A0D2989881A00793EF3 /* Debug */ = {
			isa = XCBuildConfiguration;
			buildSettings = {
				ALWAYS_EMBED_SWIFT_STANDARD_LIBRARIES = YES;
				BUNDLE_LOADER = "$(TEST_HOST)";
				CODE_SIGN_STYLE = Automatic;
				CURRENT_PROJECT_VERSION = 1;
				DEVELOPMENT_TEAM = Y3VRYY266M;
				GENERATE_INFOPLIST_FILE = YES;
				IPHONEOS_DEPLOYMENT_TARGET = 15.2;
				MARKETING_VERSION = 1.0;
				PRODUCT_BUNDLE_IDENTIFIER = com.nazmulhoda.DefaultCameraAppTests;
				PRODUCT_NAME = "$(TARGET_NAME)";
				SWIFT_EMIT_LOC_STRINGS = NO;
				SWIFT_VERSION = 5.0;
				TARGETED_DEVICE_FAMILY = "1,2";
				TEST_HOST = "$(BUILT_PRODUCTS_DIR)/DefaultCameraApp.app/DefaultCameraApp";
			};
			name = Debug;
		};
		00756A0E2989881A00793EF3 /* Release */ = {
			isa = XCBuildConfiguration;
			buildSettings = {
				ALWAYS_EMBED_SWIFT_STANDARD_LIBRARIES = YES;
				BUNDLE_LOADER = "$(TEST_HOST)";
				CODE_SIGN_STYLE = Automatic;
				CURRENT_PROJECT_VERSION = 1;
				DEVELOPMENT_TEAM = Y3VRYY266M;
				GENERATE_INFOPLIST_FILE = YES;
				IPHONEOS_DEPLOYMENT_TARGET = 15.2;
				MARKETING_VERSION = 1.0;
				PRODUCT_BUNDLE_IDENTIFIER = com.nazmulhoda.DefaultCameraAppTests;
				PRODUCT_NAME = "$(TARGET_NAME)";
				SWIFT_EMIT_LOC_STRINGS = NO;
				SWIFT_VERSION = 5.0;
				TARGETED_DEVICE_FAMILY = "1,2";
				TEST_HOST = "$(BUILT_PRODUCTS_DIR)/DefaultCameraApp.app/DefaultCameraApp";
			};
			name = Release;
		};
		00756A102989881A00793EF3 /* Debug */ = {
			isa = XCBuildConfiguration;
			buildSettings = {
				ALWAYS_EMBED_SWIFT_STANDARD_LIBRARIES = YES;
				CODE_SIGN_STYLE = Automatic;
				CURRENT_PROJECT_VERSION = 1;
				DEVELOPMENT_TEAM = Y3VRYY266M;
				GENERATE_INFOPLIST_FILE = YES;
				MARKETING_VERSION = 1.0;
				PRODUCT_BUNDLE_IDENTIFIER = com.nazmulhoda.DefaultCameraAppUITests;
				PRODUCT_NAME = "$(TARGET_NAME)";
				SWIFT_EMIT_LOC_STRINGS = NO;
				SWIFT_VERSION = 5.0;
				TARGETED_DEVICE_FAMILY = "1,2";
				TEST_TARGET_NAME = DefaultCameraApp;
			};
			name = Debug;
		};
		00756A112989881A00793EF3 /* Release */ = {
			isa = XCBuildConfiguration;
			buildSettings = {
				ALWAYS_EMBED_SWIFT_STANDARD_LIBRARIES = YES;
				CODE_SIGN_STYLE = Automatic;
				CURRENT_PROJECT_VERSION = 1;
				DEVELOPMENT_TEAM = Y3VRYY266M;
				GENERATE_INFOPLIST_FILE = YES;
				MARKETING_VERSION = 1.0;
				PRODUCT_BUNDLE_IDENTIFIER = com.nazmulhoda.DefaultCameraAppUITests;
				PRODUCT_NAME = "$(TARGET_NAME)";
				SWIFT_EMIT_LOC_STRINGS = NO;
				SWIFT_VERSION = 5.0;
				TARGETED_DEVICE_FAMILY = "1,2";
				TEST_TARGET_NAME = DefaultCameraApp;
			};
			name = Release;
		};
/* End XCBuildConfiguration section */

/* Begin XCConfigurationList section */
		007569DA2989881600793EF3 /* Build configuration list for PBXProject "DefaultCameraApp" */ = {
			isa = XCConfigurationList;
			buildConfigurations = (
				00756A072989881A00793EF3 /* Debug */,
				00756A082989881A00793EF3 /* Release */,
			);
			defaultConfigurationIsVisible = 0;
			defaultConfigurationName = Release;
		};
		00756A092989881A00793EF3 /* Build configuration list for PBXNativeTarget "DefaultCameraApp" */ = {
			isa = XCConfigurationList;
			buildConfigurations = (
				00756A0A2989881A00793EF3 /* Debug */,
				00756A0B2989881A00793EF3 /* Release */,
			);
			defaultConfigurationIsVisible = 0;
			defaultConfigurationName = Release;
		};
		00756A0C2989881A00793EF3 /* Build configuration list for PBXNativeTarget "DefaultCameraAppTests" */ = {
			isa = XCConfigurationList;
			buildConfigurations = (
				00756A0D2989881A00793EF3 /* Debug */,
				00756A0E2989881A00793EF3 /* Release */,
			);
			defaultConfigurationIsVisible = 0;
			defaultConfigurationName = Release;
		};
		00756A0F2989881A00793EF3 /* Build configuration list for PBXNativeTarget "DefaultCameraAppUITests" */ = {
			isa = XCConfigurationList;
			buildConfigurations = (
				00756A102989881A00793EF3 /* Debug */,
				00756A112989881A00793EF3 /* Release */,
			);
			defaultConfigurationIsVisible = 0;
			defaultConfigurationName = Release;
		};
/* End XCConfigurationList section */
	};
	rootObject = 007569D72989881600793EF3 /* Project object */;
}
